
Microsoft Visual Studio Solution File, Format Version 12.00
# Visual Studio 15
VisualStudioVersion = 15.0.28307.329
MinimumVisualStudioVersion = 10.0.40219.1
Project("{FAE04EC0-301F-11D3-BF4B-00C04F79EFBC}") = "GuiProject", "WindowsFormsApp2\GuiProject.csproj", "{257D1B75-2106-4A59-9C8C-5E5A05AF1FA7}"
EndProject
Project("{FAE04EC0-301F-11D3-BF4B-00C04F79EFBC}") = "Passwords", "WindowsFormsApp1\Passwords.csproj", "{5C2FC06F-5058-475A-A122-F3D9488B1EE7}"
EndProject
Project("{54435603-DBB4-11D2-8724-00A0C9A8B90C}") = "Setup1", "Setup1\Setup1.vdproj", "{AC284F0D-4D1F-43E1-9A05-25A5F59952BF}"
EndProject
Global
	GlobalSection(SolutionConfigurationPlatforms) = preSolution
		Debug|Any CPU = Debug|Any CPU
		Release|Any CPU = Release|Any CPU
	EndGlobalSection
	GlobalSection(ProjectConfigurationPlatforms) = postSolution
		{257D1B75-2106-4A59-9C8C-5E5A05AF1FA7}.Debug|Any CPU.ActiveCfg = Debug|Any CPU
		{257D1B75-2106-4A59-9C8C-5E5A05AF1FA7}.Debug|Any CPU.Build.0 = Debug|Any CPU
		{257D1B75-2106-4A59-9C8C-5E5A05AF1FA7}.Release|Any CPU.ActiveCfg = Release|Any CPU
		{257D1B75-2106-4A59-9C8C-5E5A05AF1FA7}.Release|Any CPU.Build.0 = Release|Any CPU
		{5C2FC06F-5058-475A-A122-F3D9488B1EE7}.Debug|Any CPU.ActiveCfg = Debug|Any CPU
		{5C2FC06F-5058-475A-A122-F3D9488B1EE7}.Debug|Any CPU.Build.0 = Debug|Any CPU
		{5C2FC06F-5058-475A-A122-F3D9488B1EE7}.Release|Any CPU.ActiveCfg = Release|Any CPU
		{5C2FC06F-5058-475A-A122-F3D9488B1EE7}.Release|Any CPU.Build.0 = Release|Any CPU
		{AC284F0D-4D1F-43E1-9A05-25A5F59952BF}.Debug|Any CPU.ActiveCfg = Debug
		{AC284F0D-4D1F-43E1-9A05-25A5F59952BF}.Release|Any CPU.ActiveCfg = Release
	EndGlobalSection
	GlobalSection(SolutionProperties) = preSolution
		HideSolutionNode = FALSE
	EndGlobalSection
	GlobalSection(ExtensibilityGlobals) = postSolution
		SolutionGuid = {A38CE4FD-1FBA-44C5-87FE-3B90EC6773EE}
	EndGlobalSection
EndGlobal
